dependencies:
- name: fake-gpu-operator
  repository: oci://ghcr.io/run-ai/fake-gpu-operator
  version: 0.0.81
- name: fake-dcgm-extras
  repository: file://../../operators/fake-dcgm-extras/chart
  version: 0.1.0
digest: sha256:a3596c84f00c2d5c621cd0cd909e33ecd08a2bce107604a0a3adf75fdc1edd8a
generated: "2026-06-09T12:18:59.538822+02:00"
